
Microsoft Visual Studio Solution File, Format Version 12.00
# Visual Studio 15
VisualStudioVersion = 15.0.27130.2010
MinimumVisualStudioVersion = 10.0.40219.1
Project("{FAE04EC0-301F-11D3-BF4B-00C04F79EFBC}") = "WordsMarker", "WpfApp1\WordsMarker.csproj", "{37F702FF-7928-43B6-AC41-1CC42EBD5683}"
EndProject
Global
	GlobalSection(SolutionConfigurationPlatforms) = preSolution
		Debug|Any CPU = Debug|Any CPU
		Release|Any CPU = Release|Any CPU
	EndGlobalSection
	GlobalSection(ProjectConfigurationPlatforms) = postSolution
		{37F702FF-7928-43B6-AC41-1CC42EBD5683}.Debug|Any CPU.ActiveCfg = Debug|Any CPU
		{37F702FF-7928-43B6-AC41-1CC42EBD5683}.Debug|Any CPU.Build.0 = Debug|Any CPU
		{37F702FF-7928-43B6-AC41-1CC42EBD5683}.Release|Any CPU.ActiveCfg = Release|Any CPU
		{37F702FF-7928-43B6-AC41-1CC42EBD5683}.Release|Any CPU.Build.0 = Release|Any CPU
	EndGlobalSection
	GlobalSection(SolutionProperties) = preSolution
		HideSolutionNode = FALSE
	EndGlobalSection
	GlobalSection(ExtensibilityGlobals) = postSolution
		SolutionGuid = {CF9A3971-5619-427C-B0C1-67D1150DDA77}
	EndGlobalSection
EndGlobal
